// !$*UTF8*$!
{
	archiveVersion = 1;
	classes = {
	};
	objectVersion = 55;
	objects = {

/* Begin PBXBuildFile section */
		58E5EF5F29156A5900F780CD /* OmprakashTripathi_WalEApp.swift in Sources */ = {isa = PBXBuildFile; fileRef = 58E5EF5E29156A5900F780CD /* OmprakashTripathi_WalEApp.swift */; };
		58E5EF6329156A5C00F780CD /* Assets.xcassets in Resources */ = {isa = PBXBuildFile; fileRef = 58E5EF6229156A5C00F780CD /* Assets.xcassets */; };
		58E5EF6629156A5C00F780CD /* Preview Assets.xcassets in Resources */ = {isa = PBXBuildFile; fileRef = 58E5EF6529156A5C00F780CD /* Preview Assets.xcassets */; };
		58E5EF6D29156B6200F780CD /* NasaAppConfiguration.plist in Resources */ = {isa = PBXBuildFile; fileRef = 58E5EF6C29156B6200F780CD /* NasaAppConfiguration.plist */; };
		58E5EF8929156BD800F780CD /* ConfigurationManager.swift in Sources */ = {isa = PBXBuildFile; fileRef = 58E5EF7929156BD700F780CD /* ConfigurationManager.swift */; };
		58E5EF9829156E5400F780CD /* UserDefaults+Extesion.swift in Sources */ = {isa = PBXBuildFile; fileRef = 58E5EF9629156E5400F780CD /* UserDefaults+Extesion.swift */; };
		58E5EF9929156E5400F780CD /* NetworkMonitor.swift in Sources */ = {isa = PBXBuildFile; fileRef = 58E5EF9729156E5400F780CD /* NetworkMonitor.swift */; };
		58E5EF9D29156F6800F780CD /* ApiClient.swift in Sources */ = {isa = PBXBuildFile; fileRef = 58E5EF9B29156F6800F780CD /* ApiClient.swift */; };
		58E5EF9E29156F6800F780CD /* ImageOfTheDay.swift in Sources */ = {isa = PBXBuildFile; fileRef = 58E5EF9C29156F6800F780CD /* ImageOfTheDay.swift */; };
		58E5EFA32915714F00F780CD /* ImageViewModel.swift in Sources */ = {isa = PBXBuildFile; fileRef = 58E5EFA02915714F00F780CD /* ImageViewModel.swift */; };
		58E5EFA42915714F00F780CD /* ImageModel.swift in Sources */ = {isa = PBXBuildFile; fileRef = 58E5EFA12915714F00F780CD /* ImageModel.swift */; };
		58E5EFA52915714F00F780CD /* ImageView.swift in Sources */ = {isa = PBXBuildFile; fileRef = 58E5EFA22915714F00F780CD /* ImageView.swift */; };
		58E5EFAA291572CB00F780CD /* AstronomyPicHomeModel.swift in Sources */ = {isa = PBXBuildFile; fileRef = 58E5EFA7291572CB00F780CD /* AstronomyPicHomeModel.swift */; };
		58E5EFAB291572CB00F780CD /* AstronomyPicHomeView.swift in Sources */ = {isa = PBXBuildFile; fileRef = 58E5EFA8291572CB00F780CD /* AstronomyPicHomeView.swift */; };
		58E5EFAC291572CB00F780CD /* AstronomyPicHomeViewModel.swift in Sources */ = {isa = PBXBuildFile; fileRef = 58E5EFA9291572CB00F780CD /* AstronomyPicHomeViewModel.swift */; };
		58E5EFAE2915784700F780CD /* README.md in Resources */ = {isa = PBXBuildFile; fileRef = 58E5EFAD2915784700F780CD /* README.md */; };
		58E5EFB6291616DC00F780CD /* OmprakashTripathi_WalETests.swift in Sources */ = {isa = PBXBuildFile; fileRef = 58E5EFB5291616DC00F780CD /* OmprakashTripathi_WalETests.swift */; };
		58E5EFBD29161A8E00F780CD /* ConfigurationManagerTest.swift in Sources */ = {isa = PBXBuildFile; fileRef = 58E5EFBC29161A8E00F780CD /* ConfigurationManagerTest.swift */; };
		58E5EFBE29161B4700F780CD /* NasaAppConfiguration.plist in Resources */ = {isa = PBXBuildFile; fileRef = 58E5EF6C29156B6200F780CD /* NasaAppConfiguration.plist */; };
		58E5EFC12916204500F780CD /* MockSessionDataTask.swift in Sources */ = {isa = PBXBuildFile; fileRef = 58E5EFC02916204500F780CD /* MockSessionDataTask.swift */; };
		58E5EFC32916207900F780CD /* MockUrlSession.swift in Sources */ = {isa = PBXBuildFile; fileRef = 58E5EFC22916207900F780CD /* MockUrlSession.swift */; };
		58E5EFC5291623A700F780CD /* MockSessionDownloadTask.swift in Sources */ = {isa = PBXBuildFile; fileRef = 58E5EFC4291623A700F780CD /* MockSessionDownloadTask.swift */; };
		58E5EFC729162F8100F780CD /* ApiClientTest.swift in Sources */ = {isa = PBXBuildFile; fileRef = 58E5EFC629162F8000F780CD /* ApiClientTest.swift */; };
		58E5EFC929163CE600F780CD /* FileCacheManagerProtocol.swift in Sources */ = {isa = PBXBuildFile; fileRef = 58E5EFC829163CE500F780CD /* FileCacheManagerProtocol.swift */; };
		58E5EFCB2916412600F780CD /* MockFileCacheManager.swift in Sources */ = {isa = PBXBuildFile; fileRef = 58E5EFCA2916412600F780CD /* MockFileCacheManager.swift */; };
		58E5EFCD2916493900F780CD /* tempImage.jpeg in Resources */ = {isa = PBXBuildFile; fileRef = 58E5EFCC2916493900F780CD /* tempImage.jpeg */; };
		58E5EFCF2916507600F780CD /* MockUserDefaults.swift in Sources */ = {isa = PBXBuildFile; fileRef = 58E5EFCE2916507600F780CD /* MockUserDefaults.swift */; };
		58E5EFD22916527E00F780CD /* AstronomyPicHomeModelTest.swift in Sources */ = {isa = PBXBuildFile; fileRef = 58E5EFD12916527E00F780CD /* AstronomyPicHomeModelTest.swift */; };
		58E5EFD4291652C900F780CD /* MockApiClient.swift in Sources */ = {isa = PBXBuildFile; fileRef = 58E5EFD3291652C900F780CD /* MockApiClient.swift */; };
		58E5EFD62916558D00F780CD /* AstronomyPicHomeViewModelTest.swift in Sources */ = {isa = PBXBuildFile; fileRef = 58E5EFD52916558D00F780CD /* AstronomyPicHomeViewModelTest.swift */; };
		58E5EFD82916583100F780CD /* MockNetworkMonitor.swift in Sources */ = {isa = PBXBuildFile; fileRef = 58E5EFD72916583100F780CD /* MockNetworkMonitor.swift */; };
		58E5EFDA29165BAB00F780CD /* DispatchQueue+Extension.swift in Sources */ = {isa = PBXBuildFile; fileRef = 58E5EFD929165BAB00F780CD /* DispatchQueue+Extension.swift */; };
		58E5EFDC29165BE400F780CD /* MockDispatchQueue.swift in Sources */ = {isa = PBXBuildFile; fileRef = 58E5EFDB29165BE400F780CD /* MockDispatchQueue.swift */; };
		58E5EFDE29165EFF00F780CD /* MockResponsedata.swift in Sources */ = {isa = PBXBuildFile; fileRef = 58E5EFDD29165EFF00F780CD /* MockResponsedata.swift */; };
/* End PBXBuildFile section */

/* Begin PBXContainerItemProxy section */
		58E5EFB7291616DC00F780CD /* PBXContainerItemProxy */ = {
			isa = PBXContainerItemProxy;
			containerPortal = 58E5EF5329156A5900F780CD /* Project object */;
			proxyType = 1;
			remoteGlobalIDString = 58E5EF5A29156A5900F780CD;
			remoteInfo = "OmprakashTripathi-WalE";
		};
/* End PBXContainerItemProxy section */

/* Begin PBXFileReference section */
		58E5EF5B29156A5900F780CD /* OmprakashTripathi-WalE.app */ = {isa = PBXFileReference; explicitFileType = wrapper.application; includeInIndex = 0; path = "OmprakashTripathi-WalE.app"; sourceTree = BUILT_PRODUCTS_DIR; };
		58E5EF5E29156A5900F780CD /* OmprakashTripathi_WalEApp.swift */ = {isa = PBXFileReference; lastKnownFileType = sourcecode.swift; path = OmprakashTripathi_WalEApp.swift; sourceTree = "<group>"; };
		58E5EF6229156A5C00F780CD /* Assets.xcassets */ = {isa = PBXFileReference; lastKnownFileType = folder.assetcatalog; path = Assets.xcassets; sourceTree = "<group>"; };
		58E5EF6529156A5C00F780CD /* Preview Assets.xcassets */ = {isa = PBXFileReference; lastKnownFileType = folder.assetcatalog; path = "Preview Assets.xcassets"; sourceTree = "<group>"; };
		58E5EF6C29156B6200F780CD /* NasaAppConfiguration.plist */ = {isa = PBXFileReference; fileEncoding = 4; lastKnownFileType = text.plist.xml; path = NasaAppConfiguration.plist; sourceTree = "<group>"; };
		58E5EF7929156BD700F780CD /* ConfigurationManager.swift */ = {isa = PBXFileReference; fileEncoding = 4; lastKnownFileType = sourcecode.swift; path = ConfigurationManager.swift; sourceTree = "<group>"; };
		58E5EF9629156E5400F780CD /* UserDefaults+Extesion.swift */ = {isa = PBXFileReference; fileEncoding = 4; lastKnownFileType = sourcecode.swift; path = "UserDefaults+Extesion.swift"; sourceTree = "<group>"; };
		58E5EF9729156E5400F780CD /* NetworkMonitor.swift */ = {isa = PBXFileReference; fileEncoding = 4; lastKnownFileType = sourcecode.swift; path = NetworkMonitor.swift; sourceTree = "<group>"; };
		58E5EF9B29156F6800F780CD /* ApiClient.swift */ = {isa = PBXFileReference; fileEncoding = 4; lastKnownFileType = sourcecode.swift; path = ApiClient.swift; sourceTree = "<group>"; };
		58E5EF9C29156F6800F780CD /* ImageOfTheDay.swift */ = {isa = PBXFileReference; fileEncoding = 4; lastKnownFileType = sourcecode.swift; path = ImageOfTheDay.swift; sourceTree = "<group>"; };
		58E5EFA02915714F00F780CD /* ImageViewModel.swift */ = {isa = PBXFileReference; fileEncoding = 4; lastKnownFileType = sourcecode.swift; path = ImageViewModel.swift; sourceTree = "<group>"; };
		58E5EFA12915714F00F780CD /* ImageModel.swift */ = {isa = PBXFileReference; fileEncoding = 4; lastKnownFileType = sourcecode.swift; path = ImageModel.swift; sourceTree = "<group>"; };
		58E5EFA22915714F00F780CD /* ImageView.swift */ = {isa = PBXFileReference; fileEncoding = 4; lastKnownFileType = sourcecode.swift; path = ImageView.swift; sourceTree = "<group>"; };
		58E5EFA7291572CB00F780CD /* AstronomyPicHomeModel.swift */ = {isa = PBXFileReference; fileEncoding = 4; lastKnownFileType = sourcecode.swift; path = AstronomyPicHomeModel.swift; sourceTree = "<group>"; };
		58E5EFA8291572CB00F780CD /* AstronomyPicHomeView.swift */ = {isa = PBXFileReference; fileEncoding = 4; lastKnownFileType = sourcecode.swift; path = AstronomyPicHomeView.swift; sourceTree = "<group>"; };
		58E5EFA9291572CB00F780CD /* AstronomyPicHomeViewModel.swift */ = {isa = PBXFileReference; fileEncoding = 4; lastKnownFileType = sourcecode.swift; path = AstronomyPicHomeViewModel.swift; sourceTree = "<group>"; };
		58E5EFAD2915784700F780CD /* README.md */ = {isa = PBXFileReference; fileEncoding = 4; lastKnownFileType = net.daringfireball.markdown; path = README.md; sourceTree = "<group>"; };
		58E5EFB3291616DC00F780CD /* OmprakashTripathi-WalETests.xctest */ = {isa = PBXFileReference; explicitFileType = wrapper.cfbundle; includeInIndex = 0; path = "OmprakashTripathi-WalETests.xctest"; sourceTree = BUILT_PRODUCTS_DIR; };
		58E5EFB5291616DC00F780CD /* OmprakashTripathi_WalETests.swift */ = {isa = PBXFileReference; lastKnownFileType = sourcecode.swift; path = OmprakashTripathi_WalETests.swift; sourceTree = "<group>"; };
		58E5EFBC29161A8E00F780CD /* ConfigurationManagerTest.swift */ = {isa = PBXFileReference; lastKnownFileType = sourcecode.swift; path = ConfigurationManagerTest.swift; sourceTree = "<group>"; };
		58E5EFC02916204500F780CD /* MockSessionDataTask.swift */ = {isa = PBXFileReference; lastKnownFileType = sourcecode.swift; path = MockSessionDataTask.swift; sourceTree = "<group>"; };
		58E5EFC22916207900F780CD /* MockUrlSession.swift */ = {isa = PBXFileReference; lastKnownFileType = sourcecode.swift; path = MockUrlSession.swift; sourceTree = "<group>"; };
		58E5EFC4291623A700F780CD /* MockSessionDownloadTask.swift */ = {isa = PBXFileReference; lastKnownFileType = sourcecode.swift; path = MockSessionDownloadTask.swift; sourceTree = "<group>"; };
		58E5EFC629162F8000F780CD /* ApiClientTest.swift */ = {isa = PBXFileReference; lastKnownFileType = sourcecode.swift; path = ApiClientTest.swift; sourceTree = "<group>"; };
		58E5EFC829163CE500F780CD /* FileCacheManagerProtocol.swift */ = {isa = PBXFileReference; lastKnownFileType = sourcecode.swift; path = FileCacheManagerProtocol.swift; sourceTree = "<group>"; };
		58E5EFCA2916412600F780CD /* MockFileCacheManager.swift */ = {isa = PBXFileReference; lastKnownFileType = sourcecode.swift; path = MockFileCacheManager.swift; sourceTree = "<group>"; };
		58E5EFCC2916493900F780CD /* tempImage.jpeg */ = {isa = PBXFileReference; lastKnownFileType = image.jpeg; path = tempImage.jpeg; sourceTree = "<group>"; };
		58E5EFCE2916507600F780CD /* MockUserDefaults.swift */ = {isa = PBXFileReference; lastKnownFileType = sourcecode.swift; path = MockUserDefaults.swift; sourceTree = "<group>"; };
		58E5EFD12916527E00F780CD /* AstronomyPicHomeModelTest.swift */ = {isa = PBXFileReference; lastKnownFileType = sourcecode.swift; path = AstronomyPicHomeModelTest.swift; sourceTree = "<group>"; };
		58E5EFD3291652C900F780CD /* MockApiClient.swift */ = {isa = PBXFileReference; lastKnownFileType = sourcecode.swift; path = MockApiClient.swift; sourceTree = "<group>"; };
		58E5EFD52916558D00F780CD /* AstronomyPicHomeViewModelTest.swift */ = {isa = PBXFileReference; lastKnownFileType = sourcecode.swift; path = AstronomyPicHomeViewModelTest.swift; sourceTree = "<group>"; };
		58E5EFD72916583100F780CD /* MockNetworkMonitor.swift */ = {isa = PBXFileReference; lastKnownFileType = sourcecode.swift; path = MockNetworkMonitor.swift; sourceTree = "<group>"; };
		58E5EFD929165BAB00F780CD /* DispatchQueue+Extension.swift */ = {isa = PBXFileReference; lastKnownFileType = sourcecode.swift; path = "DispatchQueue+Extension.swift"; sourceTree = "<group>"; };
		58E5EFDB29165BE400F780CD /* MockDispatchQueue.swift */ = {isa = PBXFileReference; lastKnownFileType = sourcecode.swift; path = MockDispatchQueue.swift; sourceTree = "<group>"; };
		58E5EFDD29165EFF00F780CD /* MockResponsedata.swift */ = {isa = PBXFileReference; lastKnownFileType = sourcecode.swift; path = MockResponsedata.swift; sourceTree = "<group>"; };
/* End PBXFileReference section */

/* Begin PBXFrameworksBuildPhase section */
		58E5EF5829156A5900F780CD /* Frameworks */ = {
			isa = PBXFrameworksBuildPhase;
			buildActionMask = 2147483647;
			files = (
			);
			runOnlyForDeploymentPostprocessing = 0;
		};
		58E5EFB0291616DC00F780CD /* Frameworks */ = {
			isa = PBXFrameworksBuildPhase;
			buildActionMask = 2147483647;
			files = (
			);
			runOnlyForDeploymentPostprocessing = 0;
		};
/* End PBXFrameworksBuildPhase section */

/* Begin PBXGroup section */
		58E5EF5229156A5900F780CD = {
			isa = PBXGroup;
			children = (
				58E5EFAD2915784700F780CD /* README.md */,
				58E5EF5D29156A5900F780CD /* OmprakashTripathi-WalE */,
				58E5EFB4291616DC00F780CD /* OmprakashTripathi-WalETests */,
				58E5EF5C29156A5900F780CD /* Products */,
			);
			sourceTree = "<group>";
		};
		58E5EF5C29156A5900F780CD /* Products */ = {
			isa = PBXGroup;
			children = (
				58E5EF5B29156A5900F780CD /* OmprakashTripathi-WalE.app */,
				58E5EFB3291616DC00F780CD /* OmprakashTripathi-WalETests.xctest */,
			);
			name = Products;
			sourceTree = "<group>";
		};
		58E5EF5D29156A5900F780CD /* OmprakashTripathi-WalE */ = {
			isa = PBXGroup;
			children = (
				58E5EFA6291572CB00F780CD /* HomeVIew */,
				58E5EF9F2915714F00F780CD /* ImageView */,
				58E5EF9A29156F6800F780CD /* Service */,
				58E5EF9429156E5400F780CD /* Common */,
				58E5EF7829156BD700F780CD /* Config */,
				58E5EF6C29156B6200F780CD /* NasaAppConfiguration.plist */,
				58E5EF5E29156A5900F780CD /* OmprakashTripathi_WalEApp.swift */,
				58E5EF6229156A5C00F780CD /* Assets.xcassets */,
				58E5EF6429156A5C00F780CD /* Preview Content */,
			);
			path = "OmprakashTripathi-WalE";
			sourceTree = "<group>";
		};
		58E5EF6429156A5C00F780CD /* Preview Content */ = {
			isa = PBXGroup;
			children = (
				58E5EF6529156A5C00F780CD /* Preview Assets.xcassets */,
			);
			path = "Preview Content";
			sourceTree = "<group>";
		};
		58E5EF7829156BD700F780CD /* Config */ = {
			isa = PBXGroup;
			children = (
				58E5EF7929156BD700F780CD /* ConfigurationManager.swift */,
			);
			path = Config;
			sourceTree = "<group>";
		};
		58E5EF9429156E5400F780CD /* Common */ = {
			isa = PBXGroup;
			children = (
				58E5EF9529156E5400F780CD /* Utility */,
			);
			path = Common;
			sourceTree = "<group>";
		};
		58E5EF9529156E5400F780CD /* Utility */ = {
			isa = PBXGroup;
			children = (
				58E5EF9629156E5400F780CD /* UserDefaults+Extesion.swift */,
				58E5EF9729156E5400F780CD /* NetworkMonitor.swift */,
				58E5EFD929165BAB00F780CD /* DispatchQueue+Extension.swift */,
			);
			path = Utility;
			sourceTree = "<group>";
		};
		58E5EF9A29156F6800F780CD /* Service */ = {
			isa = PBXGroup;
			children = (
				58E5EF9B29156F6800F780CD /* ApiClient.swift */,
				58E5EF9C29156F6800F780CD /* ImageOfTheDay.swift */,
				58E5EFC829163CE500F780CD /* FileCacheManagerProtocol.swift */,
			);
			path = Service;
			sourceTree = "<group>";
		};
		58E5EF9F2915714F00F780CD /* ImageView */ = {
			isa = PBXGroup;
			children = (
				58E5EFA02915714F00F780CD /* ImageViewModel.swift */,
				58E5EFA12915714F00F780CD /* ImageModel.swift */,
				58E5EFA22915714F00F780CD /* ImageView.swift */,
			);
			path = ImageView;
			sourceTree = "<group>";
		};
		58E5EFA6291572CB00F780CD /* HomeVIew */ = {
			isa = PBXGroup;
			children = (
				58E5EFA7291572CB00F780CD /* AstronomyPicHomeModel.swift */,
				58E5EFA8291572CB00F780CD /* AstronomyPicHomeView.swift */,
				58E5EFA9291572CB00F780CD /* AstronomyPicHomeViewModel.swift */,
			);
			path = HomeVIew;
			sourceTree = "<group>";
		};
		58E5EFB4291616DC00F780CD /* OmprakashTripathi-WalETests */ = {
			isa = PBXGroup;
			children = (
				58E5EFD02916526F00F780CD /* HomeVIew */,
				58E5EFCC2916493900F780CD /* tempImage.jpeg */,
				58E5EFBF2916203000F780CD /* MockClasses */,
				58E5EFB5291616DC00F780CD /* OmprakashTripathi_WalETests.swift */,
				58E5EFBC29161A8E00F780CD /* ConfigurationManagerTest.swift */,
				58E5EFC629162F8000F780CD /* ApiClientTest.swift */,
			);
			path = "OmprakashTripathi-WalETests";
			sourceTree = "<group>";
		};
		58E5EFBF2916203000F780CD /* MockClasses */ = {
			isa = PBXGroup;
			children = (
				58E5EFC02916204500F780CD /* MockSessionDataTask.swift */,
				58E5EFC22916207900F780CD /* MockUrlSession.swift */,
				58E5EFC4291623A700F780CD /* MockSessionDownloadTask.swift */,
				58E5EFCA2916412600F780CD /* MockFileCacheManager.swift */,
				58E5EFCE2916507600F780CD /* MockUserDefaults.swift */,
				58E5EFD3291652C900F780CD /* MockApiClient.swift */,
				58E5EFD72916583100F780CD /* MockNetworkMonitor.swift */,
				58E5EFDB29165BE400F780CD /* MockDispatchQueue.swift */,
				58E5EFDD29165EFF00F780CD /* MockResponsedata.swift */,
			);
			path = MockClasses;
			sourceTree = "<group>";
		};
		58E5EFD02916526F00F780CD /* HomeVIew */ = {
			isa = PBXGroup;
			children = (
				58E5EFD12916527E00F780CD /* AstronomyPicHomeModelTest.swift */,
				58E5EFD52916558D00F780CD /* AstronomyPicHomeViewModelTest.swift */,
			);
			path = HomeVIew;
			sourceTree = "<group>";
		};
/* End PBXGroup section */

/* Begin PBXNativeTarget section */
		58E5EF5A29156A5900F780CD /* OmprakashTripathi-WalE */ = {
			isa = PBXNativeTarget;
			buildConfigurationList = 58E5EF6929156A5C00F780CD /* Build configuration list for PBXNativeTarget "OmprakashTripathi-WalE" */;
			buildPhases = (
				58E5EF5729156A5900F780CD /* Sources */,
				58E5EF5829156A5900F780CD /* Frameworks */,
				58E5EF5929156A5900F780CD /* Resources */,
			);
			buildRules = (
			);
			dependencies = (
			);
			name = "OmprakashTripathi-WalE";
			productName = "OmprakashTripathi-WalE";
			productReference = 58E5EF5B29156A5900F780CD /* OmprakashTripathi-WalE.app */;
			productType = "com.apple.product-type.application";
		};
		58E5EFB2291616DC00F780CD /* OmprakashTripathi-WalETests */ = {
			isa = PBXNativeTarget;
			buildConfigurationList = 58E5EFB9291616DC00F780CD /* Build configuration list for PBXNativeTarget "OmprakashTripathi-WalETests" */;
			buildPhases = (
				58E5EFAF291616DC00F780CD /* Sources */,
				58E5EFB0291616DC00F780CD /* Frameworks */,
				58E5EFB1291616DC00F780CD /* Resources */,
			);
			buildRules = (
			);
			dependencies = (
				58E5EFB8291616DC00F780CD /* PBXTargetDependency */,
			);
			name = "OmprakashTripathi-WalETests";
			productName = "OmprakashTripathi-WalETests";
			productReference = 58E5EFB3291616DC00F780CD /* OmprakashTripathi-WalETests.xctest */;
			productType = "com.apple.product-type.bundle.unit-test";
		};
/* End PBXNativeTarget section */

/* Begin PBXProject section */
		58E5EF5329156A5900F780CD /* Project object */ = {
			isa = PBXProject;
			attributes = {
				BuildIndependentTargetsInParallel = 1;
				LastSwiftUpdateCheck = 1300;
				LastUpgradeCheck = 1300;
				TargetAttributes = {
					58E5EF5A29156A5900F780CD = {
						CreatedOnToolsVersion = 13.0;
					};
					58E5EFB2291616DC00F780CD = {
						CreatedOnToolsVersion = 13.0;
						TestTargetID = 58E5EF5A29156A5900F780CD;
					};
				};
			};
			buildConfigurationList = 58E5EF5629156A5900F780CD /* Build configuration list for PBXProject "OmprakashTripathi-WalE" */;
			compatibilityVersion = "Xcode 13.0";
			developmentRegion = en;
			hasScannedForEncodings = 0;
			knownRegions = (
				en,
				Base,
			);
			mainGroup = 58E5EF5229156A5900F780CD;
			productRefGroup = 58E5EF5C29156A5900F780CD /* Products */;
			projectDirPath = "";
			projectRoot = "";
			targets = (
				58E5EF5A29156A5900F780CD /* OmprakashTripathi-WalE */,
				58E5EFB2291616DC00F780CD /* OmprakashTripathi-WalETests */,
			);
		};
/* End PBXProject section */

/* Begin PBXResourcesBuildPhase section */
		58E5EF5929156A5900F780CD /* Resources */ = {
			isa = PBXResourcesBuildPhase;
			buildActionMask = 2147483647;
			files = (
				58E5EF6629156A5C00F780CD /* Preview Assets.xcassets in Resources */,
				58E5EF6D29156B6200F780CD /* NasaAppConfiguration.plist in Resources */,
				58E5EFAE2915784700F780CD /* README.md in Resources */,
				58E5EF6329156A5C00F780CD /* Assets.xcassets in Resources */,
			);
			runOnlyForDeploymentPostprocessing = 0;
		};
		58E5EFB1291616DC00F780CD /* Resources */ = {
			isa = PBXResourcesBuildPhase;
			buildActionMask = 2147483647;
			files = (
				58E5EFBE29161B4700F780CD /* NasaAppConfiguration.plist in Resources */,
				58E5EFCD2916493900F780CD /* tempImage.jpeg in Resources */,
			);
			runOnlyForDeploymentPostprocessing = 0;
		};
/* End PBXResourcesBuildPhase section */

/* Begin PBXSourcesBuildPhase section */
		58E5EF5729156A5900F780CD /* Sources */ = {
			isa = PBXSourcesBuildPhase;
			buildActionMask = 2147483647;
			files = (
				58E5EFA52915714F00F780CD /* ImageView.swift in Sources */,
				58E5EFDA29165BAB00F780CD /* DispatchQueue+Extension.swift in Sources */,
				58E5EF5F29156A5900F780CD /* OmprakashTripathi_WalEApp.swift in Sources */,
				58E5EF9929156E5400F780CD /* NetworkMonitor.swift in Sources */,
				58E5EF9E29156F6800F780CD /* ImageOfTheDay.swift in Sources */,
				58E5EFA42915714F00F780CD /* ImageModel.swift in Sources */,
				58E5EF8929156BD800F780CD /* ConfigurationManager.swift in Sources */,
				58E5EF9829156E5400F780CD /* UserDefaults+Extesion.swift in Sources */,
				58E5EFAC291572CB00F780CD /* AstronomyPicHomeViewModel.swift in Sources */,
				58E5EFA32915714F00F780CD /* ImageViewModel.swift in Sources */,
				58E5EFAB291572CB00F780CD /* AstronomyPicHomeView.swift in Sources */,
				58E5EFC929163CE600F780CD /* FileCacheManagerProtocol.swift in Sources */,
				58E5EF9D29156F6800F780CD /* ApiClient.swift in Sources */,
				58E5EFAA291572CB00F780CD /* AstronomyPicHomeModel.swift in Sources */,
			);
			runOnlyForDeploymentPostprocessing = 0;
		};
		58E5EFAF291616DC00F780CD /* Sources */ = {
			isa = PBXSourcesBuildPhase;
			buildActionMask = 2147483647;
			files = (
				58E5EFC32916207900F780CD /* MockUrlSession.swift in Sources */,
				58E5EFC5291623A700F780CD /* MockSessionDownloadTask.swift in Sources */,
				58E5EFDC29165BE400F780CD /* MockDispatchQueue.swift in Sources */,
				58E5EFCF2916507600F780CD /* MockUserDefaults.swift in Sources */,
				58E5EFD4291652C900F780CD /* MockApiClient.swift in Sources */,
				58E5EFD22916527E00F780CD /* AstronomyPicHomeModelTest.swift in Sources */,
				58E5EFDE29165EFF00F780CD /* MockResponsedata.swift in Sources */,
				58E5EFD62916558D00F780CD /* AstronomyPicHomeViewModelTest.swift in Sources */,
				58E5EFBD29161A8E00F780CD /* ConfigurationManagerTest.swift in Sources */,
				58E5EFD82916583100F780CD /* MockNetworkMonitor.swift in Sources */,
				58E5EFC729162F8100F780CD /* ApiClientTest.swift in Sources */,
				58E5EFCB2916412600F780CD /* MockFileCacheManager.swift in Sources */,
				58E5EFB6291616DC00F780CD /* OmprakashTripathi_WalETests.swift in Sources */,
				58E5EFC12916204500F780CD /* MockSessionDataTask.swift in Sources */,
			);
			runOnlyForDeploymentPostprocessing = 0;
		};
/* End PBXSourcesBuildPhase section */

/* Begin PBXTargetDependency section */
		58E5EFB8291616DC00F780CD /* PBXTargetDependency */ = {
			isa = PBXTargetDependency;
			target = 58E5EF5A29156A5900F780CD /* OmprakashTripathi-WalE */;
			targetProxy = 58E5EFB7291616DC00F780CD /* PBXContainerItemProxy */;
		};
/* End PBXTargetDependency section */

/* Begin XCBuildConfiguration section */
		58E5EF6729156A5C00F780CD /* Debug */ = {
			isa = XCBuildConfiguration;
			buildSettings = {
				ALWAYS_SEARCH_USER_PATHS = NO;
				CLANG_ANALYZER_NONNULL = YES;
				CLANG_ANALYZER_NUMBER_OBJECT_CONVERSION = YES_AGGRESSIVE;
				CLANG_CXX_LANGUAGE_STANDARD = "gnu++17";
				CLANG_CXX_LIBRARY = "libc++";
				CLANG_ENABLE_MODULES = YES;
				CLANG_ENABLE_OBJC_ARC = YES;
				CLANG_ENABLE_OBJC_WEAK = YES;
				CLANG_WARN_BLOCK_CAPTURE_AUTORELEASING = YES;
				CLANG_WARN_BOOL_CONVERSION = YES;
				CLANG_WARN_COMMA = YES;
				CLANG_WARN_CONSTANT_CONVERSION = YES;
				CLANG_WARN_DEPRECATED_OBJC_IMPLEMENTATIONS = YES;
				CLANG_WARN_DIRECT_OBJC_ISA_USAGE = YES_ERROR;
				CLANG_WARN_DOCUMENTATION_COMMENTS = YES;
				CLANG_WARN_EMPTY_BODY = YES;
				CLANG_WARN_ENUM_CONVERSION = YES;
				CLANG_WARN_INFINITE_RECURSION = YES;
				CLANG_WARN_INT_CONVERSION = YES;
				CLANG_WARN_NON_LITERAL_NULL_CONVERSION = YES;
				CLANG_WARN_OBJC_IMPLICIT_RETAIN_SELF = YES;
				CLANG_WARN_OBJC_LITERAL_CONVERSION = YES;
				CLANG_WARN_OBJC_ROOT_CLASS = YES_ERROR;
				CLANG_WARN_QUOTED_INCLUDE_IN_FRAMEWORK_HEADER = YES;
				CLANG_WARN_RANGE_LOOP_ANALYSIS = YES;
				CLANG_WARN_STRICT_PROTOTYPES = YES;
				CLANG_WARN_SUSPICIOUS_MOVE = YES;
				CLANG_WARN_UNGUARDED_AVAILABILITY = YES_AGGRESSIVE;
				CLANG_WARN_UNREACHABLE_CODE = YES;
				CLANG_WARN__DUPLICATE_METHOD_MATCH = YES;
				COPY_PHASE_STRIP = NO;
				DEBUG_INFORMATION_FORMAT = dwarf;
				ENABLE_STRICT_OBJC_MSGSEND = YES;
				ENABLE_TESTABILITY = YES;
				GCC_C_LANGUAGE_STANDARD = gnu11;
				GCC_DYNAMIC_NO_PIC = NO;
				GCC_NO_COMMON_BLOCKS = YES;
				GCC_OPTIMIZATION_LEVEL = 0;
				GCC_PREPROCESSOR_DEFINITIONS = (
					"DEBUG=1",
					"$(inherited)",
				);
				GCC_WARN_64_TO_32_BIT_CONVERSION = YES;
				GCC_WARN_ABOUT_RETURN_TYPE = YES_ERROR;
				GCC_WARN_UNDECLARED_SELECTOR = YES;
				GCC_WARN_UNINITIALIZED_AUTOS = YES_AGGRESSIVE;
				GCC_WARN_UNUSED_FUNCTION = YES;
				GCC_WARN_UNUSED_VARIABLE = YES;
				IPHONEOS_DEPLOYMENT_TARGET = 15.0;
				MTL_ENABLE_DEBUG_INFO = INCLUDE_SOURCE;
				MTL_FAST_MATH = YES;
				ONLY_ACTIVE_ARCH = YES;
				SDKROOT = iphoneos;
				SWIFT_ACTIVE_COMPILATION_CONDITIONS = DEBUG;
				SWIFT_OPTIMIZATION_LEVEL = "-Onone";
			};
			name = Debug;
		};
		58E5EF6829156A5C00F780CD /* Release */ = {
			isa = XCBuildConfiguration;
			buildSettings = {
				ALWAYS_SEARCH_USER_PATHS = NO;
				CLANG_ANALYZER_NONNULL = YES;
				CLANG_ANALYZER_NUMBER_OBJECT_CONVERSION = YES_AGGRESSIVE;
				CLANG_CXX_LANGUAGE_STANDARD = "gnu++17";
				CLANG_CXX_LIBRARY = "libc++";
				CLANG_ENABLE_MODULES = YES;
				CLANG_ENABLE_OBJC_ARC = YES;
				CLANG_ENABLE_OBJC_WEAK = YES;
				CLANG_WARN_BLOCK_CAPTURE_AUTORELEASING = YES;
				CLANG_WARN_BOOL_CONVERSION = YES;
				CLANG_WARN_COMMA = YES;
				CLANG_WARN_CONSTANT_CONVERSION = YES;
				CLANG_WARN_DEPRECATED_OBJC_IMPLEMENTATIONS = YES;
				CLANG_WARN_DIRECT_OBJC_ISA_USAGE = YES_ERROR;
				CLANG_WARN_DOCUMENTATION_COMMENTS = YES;
				CLANG_WARN_EMPTY_BODY = YES;
				CLANG_WARN_ENUM_CONVERSION = YES;
				CLANG_WARN_INFINITE_RECURSION = YES;
				CLANG_WARN_INT_CONVERSION = YES;
				CLANG_WARN_NON_LITERAL_NULL_CONVERSION = YES;
				CLANG_WARN_OBJC_IMPLICIT_RETAIN_SELF = YES;
				CLANG_WARN_OBJC_LITERAL_CONVERSION = YES;
				CLANG_WARN_OBJC_ROOT_CLASS = YES_ERROR;
				CLANG_WARN_QUOTED_INCLUDE_IN_FRAMEWORK_HEADER = YES;
				CLANG_WARN_RANGE_LOOP_ANALYSIS = YES;
				CLANG_WARN_STRICT_PROTOTYPES = YES;
				CLANG_WARN_SUSPICIOUS_MOVE = YES;
				CLANG_WARN_UNGUARDED_AVAILABILITY = YES_AGGRESSIVE;
				CLANG_WARN_UNREACHABLE_CODE = YES;
				CLANG_WARN__DUPLICATE_METHOD_MATCH = YES;
				COPY_PHASE_STRIP = NO;
				DEBUG_INFORMATION_FORMAT = "dwarf-with-dsym";
				ENABLE_NS_ASSERTIONS = NO;
				ENABLE_STRICT_OBJC_MSGSEND = YES;
				GCC_C_LANGUAGE_STANDARD = gnu11;
				GCC_NO_COMMON_BLOCKS = YES;
				GCC_WARN_64_TO_32_BIT_CONVERSION = YES;
				GCC_WARN_ABOUT_RETURN_TYPE = YES_ERROR;
				GCC_WARN_UNDECLARED_SELECTOR = YES;
				GCC_WARN_UNINITIALIZED_AUTOS = YES_AGGRESSIVE;
				GCC_WARN_UNUSED_FUNCTION = YES;
				GCC_WARN_UNUSED_VARIABLE = YES;
				IPHONEOS_DEPLOYMENT_TARGET = 15.0;
				MTL_ENABLE_DEBUG_INFO = NO;
				MTL_FAST_MATH = YES;
				SDKROOT = iphoneos;
				SWIFT_COMPILATION_MODE = wholemodule;
				SWIFT_OPTIMIZATION_LEVEL = "-O";
				VALIDATE_PRODUCT = YES;
			};
			name = Release;
		};
		58E5EF6A29156A5C00F780CD /* Debug */ = {
			isa = XCBuildConfiguration;
			buildSettings = {
				ASSETCATALOG_COMPILER_APPICON_NAME = AppIcon;
				ASSETCATALOG_COMPILER_GLOBAL_ACCENT_COLOR_NAME = AccentColor;
				CODE_SIGN_STYLE = Automatic;
				CURRENT_PROJECT_VERSION = 1;
				DEVELOPMENT_ASSET_PATHS = "\"OmprakashTripathi-WalE/Preview Content\"";
				ENABLE_PREVIEWS = YES;
				GENERATE_INFOPLIST_FILE = YES;
				INFOPLIST_KEY_UIApplicationSceneManifest_Generation = YES;
				INFOPLIST_KEY_UIApplicationSupportsIndirectInputEvents = YES;
				INFOPLIST_KEY_UILaunchScreen_Generation = YES;
				INFOPLIST_KEY_UISupportedInterfaceOrientations_iPad = "UIInterfaceOrientationPortrait UIInterfaceOrientationPortraitUpsideDown UIInterfaceOrientationLandscapeLeft UIInterfaceOrientationLandscapeRight";
				INFOPLIST_KEY_UISupportedInterfaceOrientations_iPhone = "UIInterfaceOrientationPortrait UIInterfaceOrientationLandscapeLeft UIInterfaceOrientationLandscapeRight";
				IPHONEOS_DEPLOYMENT_TARGET = 14.0;
				LD_RUNPATH_SEARCH_PATHS = (
					"$(inherited)",
					"@executable_path/Frameworks",
				);
				MARKETING_VERSION = 1.0;
				PRODUCT_BUNDLE_IDENTIFIER = "Com.om.OmprakashTripathi-WalE";
				PRODUCT_NAME = "$(TARGET_NAME)";
				SWIFT_EMIT_LOC_STRINGS = YES;
				SWIFT_VERSION = 5.0;
				TARGETED_DEVICE_FAMILY = "1,2";
			};
			name = Debug;
		};
		58E5EF6B29156A5C00F780CD /* Release */ = {
			isa = XCBuildConfiguration;
			buildSettings = {
				ASSETCATALOG_COMPILER_APPICON_NAME = AppIcon;
				ASSETCATALOG_COMPILER_GLOBAL_ACCENT_COLOR_NAME = AccentColor;
				CODE_SIGN_STYLE = Automatic;
				CURRENT_PROJECT_VERSION = 1;
				DEVELOPMENT_ASSET_PATHS = "\"OmprakashTripathi-WalE/Preview Content\"";
				ENABLE_PREVIEWS = YES;
				GENERATE_INFOPLIST_FILE = YES;
				INFOPLIST_KEY_UIApplicationSceneManifest_Generation = YES;
				INFOPLIST_KEY_UIApplicationSupportsIndirectInputEvents = YES;
				INFOPLIST_KEY_UILaunchScreen_Generation = YES;
				INFOPLIST_KEY_UISupportedInterfaceOrientations_iPad = "UIInterfaceOrientationPortrait UIInterfaceOrientationPortraitUpsideDown UIInterfaceOrientationLandscapeLeft UIInterfaceOrientationLandscapeRight";
				INFOPLIST_KEY_UISupportedInterfaceOrientations_iPhone = "UIInterfaceOrientationPortrait UIInterfaceOrientationLandscapeLeft UIInterfaceOrientationLandscapeRight";
				IPHONEOS_DEPLOYMENT_TARGET = 14.0;
				LD_RUNPATH_SEARCH_PATHS = (
					"$(inherited)",
					"@executable_path/Frameworks",
				);
				MARKETING_VERSION = 1.0;
				PRODUCT_BUNDLE_IDENTIFIER = "Com.om.OmprakashTripathi-WalE";
				PRODUCT_NAME = "$(TARGET_NAME)";
				SWIFT_EMIT_LOC_STRINGS = YES;
				SWIFT_VERSION = 5.0;
				TARGETED_DEVICE_FAMILY = "1,2";
			};
			name = Release;
		};
		58E5EFBA291616DC00F780CD /* Debug */ = {
			isa = XCBuildConfiguration;
			buildSettings = {
				BUNDLE_LOADER = "$(TEST_HOST)";
				CODE_SIGN_STYLE = Automatic;
				CURRENT_PROJECT_VERSION = 1;
				GENERATE_INFOPLIST_FILE = YES;
				LD_RUNPATH_SEARCH_PATHS = (
					"$(inherited)",
					"@executable_path/Frameworks",
					"@loader_path/Frameworks",
				);
				MARKETING_VERSION = 1.0;
				PRODUCT_BUNDLE_IDENTIFIER = "Com.om.OmprakashTripathi-WalETests";
				PRODUCT_NAME = "$(TARGET_NAME)";
				SWIFT_EMIT_LOC_STRINGS = NO;
				SWIFT_VERSION = 5.0;
				TARGETED_DEVICE_FAMILY = "1,2";
				TEST_HOST = "$(BUILT_PRODUCTS_DIR)/OmprakashTripathi-WalE.app/OmprakashTripathi-WalE";
			};
			name = Debug;
		};
		58E5EFBB291616DC00F780CD /* Release */ = {
			isa = XCBuildConfiguration;
			buildSettings = {
				BUNDLE_LOADER = "$(TEST_HOST)";
				CODE_SIGN_STYLE = Automatic;
				CURRENT_PROJECT_VERSION = 1;
				GENERATE_INFOPLIST_FILE = YES;
				LD_RUNPATH_SEARCH_PATHS = (
					"$(inherited)",
					"@executable_path/Frameworks",
					"@loader_path/Frameworks",
				);
				MARKETING_VERSION = 1.0;
				PRODUCT_BUNDLE_IDENTIFIER = "Com.om.OmprakashTripathi-WalETests";
				PRODUCT_NAME = "$(TARGET_NAME)";
				SWIFT_EMIT_LOC_STRINGS = NO;
				SWIFT_VERSION = 5.0;
				TARGETED_DEVICE_FAMILY = "1,2";
				TEST_HOST = "$(BUILT_PRODUCTS_DIR)/OmprakashTripathi-WalE.app/OmprakashTripathi-WalE";
			};
			name = Release;
		};
/* End XCBuildConfiguration section */

/* Begin XCConfigurationList section */
		58E5EF5629156A5900F780CD /* Build configuration list for PBXProject "OmprakashTripathi-WalE" */ = {
			isa = XCConfigurationList;
			buildConfigurations = (
				58E5EF6729156A5C00F780CD /* Debug */,
				58E5EF6829156A5C00F780CD /* Release */,
			);
			defaultConfigurationIsVisible = 0;
			defaultConfigurationName = Release;
		};
		58E5EF6929156A5C00F780CD /* Build configuration list for PBXNativeTarget "OmprakashTripathi-WalE" */ = {
			isa = XCConfigurationList;
			buildConfigurations = (
				58E5EF6A29156A5C00F780CD /* Debug */,
				58E5EF6B29156A5C00F780CD /* Release */,
			);
			defaultConfigurationIsVisible = 0;
			defaultConfigurationName = Release;
		};
		58E5EFB9291616DC00F780CD /* Build configuration list for PBXNativeTarget "OmprakashTripathi-WalETests" */ = {
			isa = XCConfigurationList;
			buildConfigurations = (
				58E5EFBA291616DC00F780CD /* Debug */,
				58E5EFBB291616DC00F780CD /* Release */,
			);
			defaultConfigurationIsVisible = 0;
			defaultConfigurationName = Release;
		};
/* End XCConfigurationList section */
	};
	rootObject = 58E5EF5329156A5900F780CD /* Project object */;
}
